
Microsoft Visual Studio Solution File, Format Version 12.00
# Visual Studio 15
Project("{FAE04EC0-301F-11D3-BF4B-00C04F79EFBC}") = "Microsoft.MixedReality.Toolkit.SDK", "Microsoft.MixedReality.Toolkit.SDK.csproj", "{25953C69-16E1-8246-2687-0BCEAFBCD8D1}"
EndProject
Project("{FAE04EC0-301F-11D3-BF4B-00C04F79EFBC}") = "Microsoft.MixedReality.Toolkit.Providers.OpenVR", "Microsoft.MixedReality.Toolkit.Providers.OpenVR.csproj", "{5187F09A-9D05-C152-CB9E-D25C99637E65}"
EndProject
Project("{FAE04EC0-301F-11D3-BF4B-00C04F79EFBC}") = "Microsoft.MixedReality.Toolkit", "Microsoft.MixedReality.Toolkit.csproj", "{109AAE64-3087-39DB-20F1-AC5F563BFFA9}"
EndProject
Project("{FAE04EC0-301F-11D3-BF4B-00C04F79EFBC}") = "Microsoft.MixedReality.Toolkit.Services.SpatialAwarenessSystem", "Microsoft.MixedReality.Toolkit.Services.SpatialAwarenessSystem.csproj", "{ED31F40A-4961-1A83-5D6E-268A0A32D3C3}"
EndProject
Project("{FAE04EC0-301F-11D3-BF4B-00C04F79EFBC}") = "Assembly-CSharp", "Assembly-CSharp.csproj", "{54C4949E-7366-C9D0-E79B-F63CF224C2D3}"
EndProject
Project("{FAE04EC0-301F-11D3-BF4B-00C04F79EFBC}") = "Microsoft.MixedReality.Toolkit.Gltf", "Microsoft.MixedReality.Toolkit.Gltf.csproj", "{412818B5-CF29-8E03-8D77-1DBA801A22DA}"
EndProject
Project("{FAE04EC0-301F-11D3-BF4B-00C04F79EFBC}") = "Microsoft.MixedReality.Toolkit.Services.SceneSystem", "Microsoft.MixedReality.Toolkit.Services.SceneSystem.csproj", "{97ABA237-7352-557C-0C28-608A54FAD617}"
EndProject
Project("{FAE04EC0-301F-11D3-BF4B-00C04F79EFBC}") = "Microsoft.MixedReality.Toolkit.Services.InputSystem", "Microsoft.MixedReality.Toolkit.Services.InputSystem.csproj", "{75340FF2-2AE6-980C-0F37-72EA6178EDEC}"
EndProject
Project("{FAE04EC0-301F-11D3-BF4B-00C04F79EFBC}") = "Microsoft.MixedReality.Toolkit.Providers.XRSDK.WindowsMixedReality", "Microsoft.MixedReality.Toolkit.Providers.XRSDK.WindowsMixedReality.csproj", "{F3DB9CEE-74BD-9C62-5BEB-F4CEF55A71C0}"
EndProject
Project("{FAE04EC0-301F-11D3-BF4B-00C04F79EFBC}") = "Microsoft.MixedReality.Toolkit.Services.InputSimulation", "Microsoft.MixedReality.Toolkit.Services.InputSimulation.csproj", "{DA3C5CD9-E467-33C1-DFD4-B807BDF637C2}"
EndProject
Project("{FAE04EC0-301F-11D3-BF4B-00C04F79EFBC}") = "Microsoft.MixedReality.Toolkit.Providers.UnityAR", "Microsoft.MixedReality.Toolkit.Providers.UnityAR.csproj", "{A2698CF3-D04A-16B0-110B-C7BF26754F26}"
EndProject
Project("{FAE04EC0-301F-11D3-BF4B-00C04F79EFBC}") = "Microsoft.MixedReality.Toolkit.Services.InputAnimation", "Microsoft.MixedReality.Toolkit.Services.InputAnimation.csproj", "{4678BC6B-A097-79DC-6116-0D1A472D8011}"
EndProject
Project("{FAE04EC0-301F-11D3-BF4B-00C04F79EFBC}") = "Microsoft.MixedReality.Toolkit.Providers.WindowsVoiceInput", "Microsoft.MixedReality.Toolkit.Providers.WindowsVoiceInput.csproj", "{50A182B8-3200-70C9-5656-DD4CD2F49005}"
EndProject
Project("{FAE04EC0-301F-11D3-BF4B-00C04F79EFBC}") = "Microsoft.MixedReality.Toolkit.Services.DiagnosticsSystem", "Microsoft.MixedReality.Toolkit.Services.DiagnosticsSystem.csproj", "{1AD4B907-07A6-C5F0-E1A0-FEB61F82946B}"
EndProject
Project("{FAE04EC0-301F-11D3-BF4B-00C04F79EFBC}") = "Microsoft.MixedReality.Toolkit.Async", "Microsoft.MixedReality.Toolkit.Async.csproj", "{1DCE3A44-9567-006E-509F-49216628FC73}"
EndProject
Project("{FAE04EC0-301F-11D3-BF4B-00C04F79EFBC}") = "Microsoft.MixedReality.Toolkit.Providers.WindowsMixedReality", "Microsoft.MixedReality.Toolkit.Providers.WindowsMixedReality.csproj", "{0E14DCBA-4EB3-55DC-0514-71D4A8714231}"
EndProject
Project("{FAE04EC0-301F-11D3-BF4B-00C04F79EFBC}") = "Microsoft.MixedReality.Toolkit.Providers.WindowsMixedReality.Shared", "Microsoft.MixedReality.Toolkit.Providers.WindowsMixedReality.Shared.csproj", "{67D36621-944F-16EC-023A-4FA2AF3ADD70}"
EndProject
Project("{FAE04EC0-301F-11D3-BF4B-00C04F79EFBC}") = "Microsoft.MixedReality.Toolkit.Services.TeleportSystem", "Microsoft.MixedReality.Toolkit.Services.TeleportSystem.csproj", "{DA2B5C78-E9AE-9C53-2BEC-A55548B1A94D}"
EndProject
Project("{FAE04EC0-301F-11D3-BF4B-00C04F79EFBC}") = "Microsoft.MixedReality.Toolkit.Providers.XRSDK", "Microsoft.MixedReality.Toolkit.Providers.XRSDK.csproj", "{E8E45172-453B-9890-9AA8-6C0279E8143C}"
EndProject
Project("{FAE04EC0-301F-11D3-BF4B-00C04F79EFBC}") = "Microsoft.MixedReality.Toolkit.Services.CameraSystem", "Microsoft.MixedReality.Toolkit.Services.CameraSystem.csproj", "{16EB2669-8816-E935-1CEA-0F32BE044A17}"
EndProject
Project("{FAE04EC0-301F-11D3-BF4B-00C04F79EFBC}") = "Microsoft.MixedReality.Toolkit.Services.BoundarySystem", "Microsoft.MixedReality.Toolkit.Services.BoundarySystem.csproj", "{8AC786D8-05C0-10B5-86C9-544A28D8DCD2}"
EndProject
Project("{FAE04EC0-301F-11D3-BF4B-00C04F79EFBC}") = "Microsoft.MixedReality.Toolkit.SDK.Inspectors", "Microsoft.MixedReality.Toolkit.SDK.Inspectors.csproj", "{7BFEA0C4-18AE-D6EE-F32A-D9EABE72750D}"
EndProject
Project("{FAE04EC0-301F-11D3-BF4B-00C04F79EFBC}") = "Microsoft.MixedReality.Toolkit.Editor.Inspectors", "Microsoft.MixedReality.Toolkit.Editor.Inspectors.csproj", "{BE73B7B1-424C-5074-CE67-F34A467BD979}"
EndProject
Project("{FAE04EC0-301F-11D3-BF4B-00C04F79EFBC}") = "Microsoft.MixedReality.Toolkit.Editor.ServiceInspectors", "Microsoft.MixedReality.Toolkit.Editor.ServiceInspectors.csproj", "{AAEDDBAE-AFF3-3577-939E-79ED5018B006}"
EndProject
Project("{FAE04EC0-301F-11D3-BF4B-00C04F79EFBC}") = "Microsoft.MixedReality.Toolkit.SDK.Experimental.Inspectors", "Microsoft.MixedReality.Toolkit.SDK.Experimental.Inspectors.csproj", "{A896CE17-9F54-EC70-4EAA-BFD79CA3BD29}"
EndProject
Project("{FAE04EC0-301F-11D3-BF4B-00C04F79EFBC}") = "Microsoft.MixedReality.Toolkit.Providers.XRSDK.WindowsMixedReality.Editor", "Microsoft.MixedReality.Toolkit.Providers.XRSDK.WindowsMixedReality.Editor.csproj", "{BFA31492-4487-3840-774C-C1B23B781B47}"
EndProject
Project("{FAE04EC0-301F-11D3-BF4B-00C04F79EFBC}") = "Microsoft.MixedReality.Toolkit.Editor.Utilities", "Microsoft.MixedReality.Toolkit.Editor.Utilities.csproj", "{273FC8AC-5DB2-4D15-1ECA-A2486D96CAF3}"
EndProject
Project("{FAE04EC0-301F-11D3-BF4B-00C04F79EFBC}") = "Microsoft.MixedReality.Toolkit.Providers.ObjectMeshObserver", "Microsoft.MixedReality.Toolkit.Providers.ObjectMeshObserver.csproj", "{73417E0A-A1DF-6569-0D66-6E716FD92FD1}"
EndProject
Project("{FAE04EC0-301F-11D3-BF4B-00C04F79EFBC}") = "Microsoft.MixedReality.Toolkit.Editor.ClassExtensions", "Microsoft.MixedReality.Toolkit.Editor.ClassExtensions.csproj", "{3754E2BA-2703-59F9-0414-96E2F1E463EC}"
EndProject
Project("{FAE04EC0-301F-11D3-BF4B-00C04F79EFBC}") = "Microsoft.MixedReality.Toolkit.Gltf.Importers", "Microsoft.MixedReality.Toolkit.Gltf.Importers.csproj", "{C1A4BF21-6376-DEA2-D216-DFABB64C4E89}"
EndProject
Project("{FAE04EC0-301F-11D3-BF4B-00C04F79EFBC}") = "Microsoft.MixedReality.Toolkit.Providers.WindowsMixedReality.ConfigCheck", "Microsoft.MixedReality.Toolkit.Providers.WindowsMixedReality.ConfigCheck.csproj", "{98E7BEAC-960D-84E4-6D6A-E4762E8A9AC1}"
EndProject
Project("{FAE04EC0-301F-11D3-BF4B-00C04F79EFBC}") = "Microsoft.MixedReality.Toolkit.Services.InputSimulation.Editor", "Microsoft.MixedReality.Toolkit.Services.InputSimulation.Editor.csproj", "{FA468F1D-0536-FCA4-0E29-EDA977C1F3AE}"
EndProject
Project("{FAE04EC0-301F-11D3-BF4B-00C04F79EFBC}") = "Microsoft.MixedReality.Toolkit.Editor.BuildAndDeploy", "Microsoft.MixedReality.Toolkit.Editor.BuildAndDeploy.csproj", "{E4EA9BAE-7790-8944-A713-BECCE5A06413}"
EndProject
Project("{FAE04EC0-301F-11D3-BF4B-00C04F79EFBC}") = "Microsoft.MixedReality.Toolkit.Providers.UnityAR.ConfigCheck", "Microsoft.MixedReality.Toolkit.Providers.UnityAR.ConfigCheck.csproj", "{AA904DEF-1C43-4833-C8CA-D60CD7A1E226}"
EndProject
Project("{FAE04EC0-301F-11D3-BF4B-00C04F79EFBC}") = "Microsoft.MixedReality.Toolkit.Providers.XRSDK.ConfigCheck", "Microsoft.MixedReality.Toolkit.Providers.XRSDK.ConfigCheck.csproj", "{FBBAEB3D-CB88-E880-1D7A-DCC63187FF3E}"
EndProject
Project("{FAE04EC0-301F-11D3-BF4B-00C04F79EFBC}") = "Microsoft.MixedReality.Toolkit.Providers.UnityAR.Editor", "Microsoft.MixedReality.Toolkit.Providers.UnityAR.Editor.csproj", "{1EDB368D-1825-7A94-D384-D033F2BBAB10}"
EndProject
Project("{FAE04EC0-301F-11D3-BF4B-00C04F79EFBC}") = "Microsoft.MixedReality.Toolkit.Providers.WindowsMixedReality.Editor", "Microsoft.MixedReality.Toolkit.Providers.WindowsMixedReality.Editor.csproj", "{C3C7D734-21C8-46BA-C9E2-A49030B238A7}"
EndProject
Project("{FAE04EC0-301F-11D3-BF4B-00C04F79EFBC}") = "Microsoft.MixedReality.Toolkit.Services.InputSystem.Editor", "Microsoft.MixedReality.Toolkit.Services.InputSystem.Editor.csproj", "{EECE4688-2ADE-2CBE-E674-14539120AACE}"
EndProject
Project("{FAE04EC0-301F-11D3-BF4B-00C04F79EFBC}") = "UnityEngine.TestRunner.Player", "UnityEngine.TestRunner.Player.csproj", "{1A07A8E2-5EDE-E4EF-802A-AD0DA0AE7FDC}"
EndProject
Project("{FAE04EC0-301F-11D3-BF4B-00C04F79EFBC}") = "Microsoft.MixedReality.Toolkit.SDK.Player", "Microsoft.MixedReality.Toolkit.SDK.Player.csproj", "{FA40D93A-B4D6-5DA4-B3F9-AC0806F81B6E}"
EndProject
Project("{FAE04EC0-301F-11D3-BF4B-00C04F79EFBC}") = "Microsoft.MixedReality.Toolkit.Player", "Microsoft.MixedReality.Toolkit.Player.csproj", "{38EA97E3-25BD-53CC-1BF8-C2AA45AEFAD0}"
EndProject
Project("{FAE04EC0-301F-11D3-BF4B-00C04F79EFBC}") = "Microsoft.MixedReality.Toolkit.Services.SpatialAwarenessSystem.Player", "Microsoft.MixedReality.Toolkit.Services.SpatialAwarenessSystem.Player.csproj", "{C70B59DA-D9DA-A438-461D-CF1C5BEF2B25}"
EndProject
Project("{FAE04EC0-301F-11D3-BF4B-00C04F79EFBC}") = "com.unity.multiplayer-hlapi.Runtime.Player", "com.unity.multiplayer-hlapi.Runtime.Player.csproj", "{ABA5F68E-4080-0524-2926-2BB548129E0B}"
EndProject
Project("{FAE04EC0-301F-11D3-BF4B-00C04F79EFBC}") = "Unity.TextMeshPro.Player", "Unity.TextMeshPro.Player.csproj", "{DE5EA8CF-715D-130B-0A26-E89E6298350F}"
EndProject
Project("{FAE04EC0-301F-11D3-BF4B-00C04F79EFBC}") = "Unity.Timeline.Player", "Unity.Timeline.Player.csproj", "{E22AE98F-5484-8010-6832-BEDD1279ECCF}"
EndProject
Project("{FAE04EC0-301F-11D3-BF4B-00C04F79EFBC}") = "Assembly-CSharp.Player", "Assembly-CSharp.Player.csproj", "{9518F79F-9CB2-8AE7-B32A-EB5886DD74D6}"
EndProject
Project("{FAE04EC0-301F-11D3-BF4B-00C04F79EFBC}") = "Microsoft.MixedReality.Toolkit.Gltf.Player", "Microsoft.MixedReality.Toolkit.Gltf.Player.csproj", "{295E5A51-9D6A-A0A0-4027-ACAC10C969EA}"
EndProject
Project("{FAE04EC0-301F-11D3-BF4B-00C04F79EFBC}") = "Microsoft.MixedReality.Toolkit.Services.SceneSystem.Player", "Microsoft.MixedReality.Toolkit.Services.SceneSystem.Player.csproj", "{457C1547-A207-9234-EB8F-EF631FD3F7A0}"
EndProject
Project("{FAE04EC0-301F-11D3-BF4B-00C04F79EFBC}") = "Unity.Analytics.DataPrivacy.Player", "Unity.Analytics.DataPrivacy.Player.csproj", "{F94A1381-2A69-C3EA-1E9C-7DFAF54F330E}"
EndProject
Project("{FAE04EC0-301F-11D3-BF4B-00C04F79EFBC}") = "Microsoft.MixedReality.Toolkit.Services.InputSystem.Player", "Microsoft.MixedReality.Toolkit.Services.InputSystem.Player.csproj", "{D84D78B0-1070-AD12-6A44-5BEB7C92BB0B}"
EndProject
Project("{FAE04EC0-301F-11D3-BF4B-00C04F79EFBC}") = "Microsoft.MixedReality.Toolkit.Providers.XRSDK.WindowsMixedReality.Player", "Microsoft.MixedReality.Toolkit.Providers.XRSDK.WindowsMixedReality.Player.csproj", "{4DB9FC38-1E34-4C9E-1601-6453C0F0E359}"
EndProject
Project("{FAE04EC0-301F-11D3-BF4B-00C04F79EFBC}") = "UnityEngine.XR.LegacyInputHelpers.Player", "UnityEngine.XR.LegacyInputHelpers.Player.csproj", "{99025BB4-212F-2840-76EF-28A39F3EC60D}"
EndProject
Project("{FAE04EC0-301F-11D3-BF4B-00C04F79EFBC}") = "Microsoft.MixedReality.Toolkit.Services.InputSimulation.Player", "Microsoft.MixedReality.Toolkit.Services.InputSimulation.Player.csproj", "{481D8EFC-4932-3AB2-9C00-D70A1BC8D6EE}"
EndProject
Project("{FAE04EC0-301F-11D3-BF4B-00C04F79EFBC}") = "Microsoft.MixedReality.Toolkit.Services.InputAnimation.Player", "Microsoft.MixedReality.Toolkit.Services.InputAnimation.Player.csproj", "{62E26AE2-3DED-9CA8-40BF-88D33565DD94}"
EndProject
Project("{FAE04EC0-301F-11D3-BF4B-00C04F79EFBC}") = "Microsoft.MixedReality.Toolkit.Providers.WindowsVoiceInput.Player", "Microsoft.MixedReality.Toolkit.Providers.WindowsVoiceInput.Player.csproj", "{C00B19A4-CC10-9A73-49E5-48D9C03454BB}"
EndProject
Project("{FAE04EC0-301F-11D3-BF4B-00C04F79EFBC}") = "Microsoft.MixedReality.Toolkit.Services.DiagnosticsSystem.Player", "Microsoft.MixedReality.Toolkit.Services.DiagnosticsSystem.Player.csproj", "{0D1D42D1-A38C-6290-B69E-33F9AFD6F9AA}"
EndProject
Project("{FAE04EC0-301F-11D3-BF4B-00C04F79EFBC}") = "UnityEngine.SpatialTracking.Player", "UnityEngine.SpatialTracking.Player.csproj", "{5C359C24-8D22-6B80-5F89-666D5341B446}"
EndProject
Project("{FAE04EC0-301F-11D3-BF4B-00C04F79EFBC}") = "Microsoft.MixedReality.Toolkit.Async.Player", "Microsoft.MixedReality.Toolkit.Async.Player.csproj", "{85706B04-0D89-62DD-BD6D-EFDECBC79C24}"
EndProject
Project("{FAE04EC0-301F-11D3-BF4B-00C04F79EFBC}") = "Microsoft.MixedReality.Toolkit.Providers.WindowsMixedReality.Player", "Microsoft.MixedReality.Toolkit.Providers.WindowsMixedReality.Player.csproj", "{99D19C66-AAB2-E4A0-02B0-0BAAB79B9B90}"
EndProject
Project("{FAE04EC0-301F-11D3-BF4B-00C04F79EFBC}") = "Microsoft.MixedReality.Toolkit.Providers.WindowsMixedReality.Shared.Player", "Microsoft.MixedReality.Toolkit.Providers.WindowsMixedReality.Shared.Player.csproj", "{7CFAE3D4-75A7-4400-5964-3BBEDB586EEE}"
EndProject
Project("{FAE04EC0-301F-11D3-BF4B-00C04F79EFBC}") = "Microsoft.MixedReality.Toolkit.Services.TeleportSystem.Player", "Microsoft.MixedReality.Toolkit.Services.TeleportSystem.Player.csproj", "{B2506E3F-2481-40E6-E623-DA7C6DB7C98B}"
EndProject
Project("{FAE04EC0-301F-11D3-BF4B-00C04F79EFBC}") = "Microsoft.MixedReality.Toolkit.Providers.XRSDK.Player", "Microsoft.MixedReality.Toolkit.Providers.XRSDK.Player.csproj", "{49B161FC-22EB-3E35-ED01-292C48FE6C59}"
EndProject
Project("{FAE04EC0-301F-11D3-BF4B-00C04F79EFBC}") = "Microsoft.MixedReality.Toolkit.Services.CameraSystem.Player", "Microsoft.MixedReality.Toolkit.Services.CameraSystem.Player.csproj", "{846C554A-DF54-379A-6E6E-0A36014C6C00}"
EndProject
Project("{FAE04EC0-301F-11D3-BF4B-00C04F79EFBC}") = "Microsoft.MixedReality.Toolkit.Services.BoundarySystem.Player", "Microsoft.MixedReality.Toolkit.Services.BoundarySystem.Player.csproj", "{B634ADFB-5118-CDA9-5097-ECB335CE5CAB}"
EndProject
Global
	GlobalSection(SolutionConfigurationPlatforms) = preSolution
		Debug|Any CPU = Debug|Any CPU
		Release|Any CPU = Release|Any CPU
	EndGlobalSection
	GlobalSection(ProjectConfigurationPlatforms) = postSolution
		{25953C69-16E1-8246-2687-0BCEAFBCD8D1}.Debug|Any CPU.ActiveCfg = Debug|Any CPU
		{25953C69-16E1-8246-2687-0BCEAFBCD8D1}.Debug|Any CPU.Build.0 = Debug|Any CPU
		{25953C69-16E1-8246-2687-0BCEAFBCD8D1}.Release|Any CPU.ActiveCfg = Release|Any CPU
		{25953C69-16E1-8246-2687-0BCEAFBCD8D1}.Release|Any CPU.Build.0 = Release|Any CPU
		{5187F09A-9D05-C152-CB9E-D25C99637E65}.Debug|Any CPU.ActiveCfg = Debug|Any CPU
		{5187F09A-9D05-C152-CB9E-D25C99637E65}.Debug|Any CPU.Build.0 = Debug|Any CPU
		{5187F09A-9D05-C152-CB9E-D25C99637E65}.Release|Any CPU.ActiveCfg = Release|Any CPU
		{5187F09A-9D05-C152-CB9E-D25C99637E65}.Release|Any CPU.Build.0 = Release|Any CPU
		{109AAE64-3087-39DB-20F1-AC5F563BFFA9}.Debug|Any CPU.ActiveCfg = Debug|Any CPU
		{109AAE64-3087-39DB-20F1-AC5F563BFFA9}.Debug|Any CPU.Build.0 = Debug|Any CPU
		{109AAE64-3087-39DB-20F1-AC5F563BFFA9}.Release|Any CPU.ActiveCfg = Release|Any CPU
		{109AAE64-3087-39DB-20F1-AC5F563BFFA9}.Release|Any CPU.Build.0 = Release|Any CPU
		{ED31F40A-4961-1A83-5D6E-268A0A32D3C3}.Debug|Any CPU.ActiveCfg = Debug|Any CPU
		{ED31F40A-4961-1A83-5D6E-268A0A32D3C3}.Debug|Any CPU.Build.0 = Debug|Any CPU
		{ED31F40A-4961-1A83-5D6E-268A0A32D3C3}.Release|Any CPU.ActiveCfg = Release|Any CPU
		{ED31F40A-4961-1A83-5D6E-268A0A32D3C3}.Release|Any CPU.Build.0 = Release|Any CPU
		{54C4949E-7366-C9D0-E79B-F63CF224C2D3}.Debug|Any CPU.ActiveCfg = Debug|Any CPU
		{54C4949E-7366-C9D0-E79B-F63CF224C2D3}.Debug|Any CPU.Build.0 = Debug|Any CPU
		{54C4949E-7366-C9D0-E79B-F63CF224C2D3}.Release|Any CPU.ActiveCfg = Release|Any CPU
		{54C4949E-7366-C9D0-E79B-F63CF224C2D3}.Release|Any CPU.Build.0 = Release|Any CPU
		{412818B5-CF29-8E03-8D77-1DBA801A22DA}.Debug|Any CPU.ActiveCfg = Debug|Any CPU
		{412818B5-CF29-8E03-8D77-1DBA801A22DA}.Debug|Any CPU.Build.0 = Debug|Any CPU
		{412818B5-CF29-8E03-8D77-1DBA801A22DA}.Release|Any CPU.ActiveCfg = Release|Any CPU
		{412818B5-CF29-8E03-8D77-1DBA801A22DA}.Release|Any CPU.Build.0 = Release|Any CPU
		{97ABA237-7352-557C-0C28-608A54FAD617}.Debug|Any CPU.ActiveCfg = Debug|Any CPU
		{97ABA237-7352-557C-0C28-608A54FAD617}.Debug|Any CPU.Build.0 = Debug|Any CPU
		{97ABA237-7352-557C-0C28-608A54FAD617}.Release|Any CPU.ActiveCfg = Release|Any CPU
		{97ABA237-7352-557C-0C28-608A54FAD617}.Release|Any CPU.Build.0 = Release|Any CPU
		{75340FF2-2AE6-980C-0F37-72EA6178EDEC}.Debug|Any CPU.ActiveCfg = Debug|Any CPU
		{75340FF2-2AE6-980C-0F37-72EA6178EDEC}.Debug|Any CPU.Build.0 = Debug|Any CPU
		{75340FF2-2AE6-980C-0F37-72EA6178EDEC}.Release|Any CPU.ActiveCfg = Release|Any CPU
		{75340FF2-2AE6-980C-0F37-72EA6178EDEC}.Release|Any CPU.Build.0 = Release|Any CPU
		{F3DB9CEE-74BD-9C62-5BEB-F4CEF55A71C0}.Debug|Any CPU.ActiveCfg = Debug|Any CPU
		{F3DB9CEE-74BD-9C62-5BEB-F4CEF55A71C0}.Debug|Any CPU.Build.0 = Debug|Any CPU
		{F3DB9CEE-74BD-9C62-5BEB-F4CEF55A71C0}.Release|Any CPU.ActiveCfg = Release|Any CPU
		{F3DB9CEE-74BD-9C62-5BEB-F4CEF55A71C0}.Release|Any CPU.Build.0 = Release|Any CPU
		{DA3C5CD9-E467-33C1-DFD4-B807BDF637C2}.Debug|Any CPU.ActiveCfg = Debug|Any CPU
		{DA3C5CD9-E467-33C1-DFD4-B807BDF637C2}.Debug|Any CPU.Build.0 = Debug|Any CPU
		{DA3C5CD9-E467-33C1-DFD4-B807BDF637C2}.Release|Any CPU.ActiveCfg = Release|Any CPU
		{DA3C5CD9-E467-33C1-DFD4-B807BDF637C2}.Release|Any CPU.Build.0 = Release|Any CPU
		{A2698CF3-D04A-16B0-110B-C7BF26754F26}.Debug|Any CPU.ActiveCfg = Debug|Any CPU
		{A2698CF3-D04A-16B0-110B-C7BF26754F26}.Debug|Any CPU.Build.0 = Debug|Any CPU
		{A2698CF3-D04A-16B0-110B-C7BF26754F26}.Release|Any CPU.ActiveCfg = Release|Any CPU
		{A2698CF3-D04A-16B0-110B-C7BF26754F26}.Release|Any CPU.Build.0 = Release|Any CPU
		{4678BC6B-A097-79DC-6116-0D1A472D8011}.Debug|Any CPU.ActiveCfg = Debug|Any CPU
		{4678BC6B-A097-79DC-6116-0D1A472D8011}.Debug|Any CPU.Build.0 = Debug|Any CPU
		{4678BC6B-A097-79DC-6116-0D1A472D8011}.Release|Any CPU.ActiveCfg = Release|Any CPU
		{4678BC6B-A097-79DC-6116-0D1A472D8011}.Release|Any CPU.Build.0 = Release|Any CPU
		{50A182B8-3200-70C9-5656-DD4CD2F49005}.Debug|Any CPU.ActiveCfg = Debug|Any CPU
		{50A182B8-3200-70C9-5656-DD4CD2F49005}.Debug|Any CPU.Build.0 = Debug|Any CPU
		{50A182B8-3200-70C9-5656-DD4CD2F49005}.Release|Any CPU.ActiveCfg = Release|Any CPU
		{50A182B8-3200-70C9-5656-DD4CD2F49005}.Release|Any CPU.Build.0 = Release|Any CPU
		{1AD4B907-07A6-C5F0-E1A0-FEB61F82946B}.Debug|Any CPU.ActiveCfg = Debug|Any CPU
		{1AD4B907-07A6-C5F0-E1A0-FEB61F82946B}.Debug|Any CPU.Build.0 = Debug|Any CPU
		{1AD4B907-07A6-C5F0-E1A0-FEB61F82946B}.Release|Any CPU.ActiveCfg = Release|Any CPU
		{1AD4B907-07A6-C5F0-E1A0-FEB61F82946B}.Release|Any CPU.Build.0 = Release|Any CPU
		{1DCE3A44-9567-006E-509F-49216628FC73}.Debug|Any CPU.ActiveCfg = Debug|Any CPU
		{1DCE3A44-9567-006E-509F-49216628FC73}.Debug|Any CPU.Build.0 = Debug|Any CPU
		{1DCE3A44-9567-006E-509F-49216628FC73}.Release|Any CPU.ActiveCfg = Release|Any CPU
		{1DCE3A44-9567-006E-509F-49216628FC73}.Release|Any CPU.Build.0 = Release|Any CPU
		{0E14DCBA-4EB3-55DC-0514-71D4A8714231}.Debug|Any CPU.ActiveCfg = Debug|Any CPU
		{0E14DCBA-4EB3-55DC-0514-71D4A8714231}.Debug|Any CPU.Build.0 = Debug|Any CPU
		{0E14DCBA-4EB3-55DC-0514-71D4A8714231}.Release|Any CPU.ActiveCfg = Release|Any CPU
		{0E14DCBA-4EB3-55DC-0514-71D4A8714231}.Release|Any CPU.Build.0 = Release|Any CPU
		{67D36621-944F-16EC-023A-4FA2AF3ADD70}.Debug|Any CPU.ActiveCfg = Debug|Any CPU
		{67D36621-944F-16EC-023A-4FA2AF3ADD70}.Debug|Any CPU.Build.0 = Debug|Any CPU
		{67D36621-944F-16EC-023A-4FA2AF3ADD70}.Release|Any CPU.ActiveCfg = Release|Any CPU
		{67D36621-944F-16EC-023A-4FA2AF3ADD70}.Release|Any CPU.Build.0 = Release|Any CPU
		{DA2B5C78-E9AE-9C53-2BEC-A55548B1A94D}.Debug|Any CPU.ActiveCfg = Debug|Any CPU
		{DA2B5C78-E9AE-9C53-2BEC-A55548B1A94D}.Debug|Any CPU.Build.0 = Debug|Any CPU
		{DA2B5C78-E9AE-9C53-2BEC-A55548B1A94D}.Release|Any CPU.ActiveCfg = Release|Any CPU
		{DA2B5C78-E9AE-9C53-2BEC-A55548B1A94D}.Release|Any CPU.Build.0 = Release|Any CPU
		{E8E45172-453B-9890-9AA8-6C0279E8143C}.Debug|Any CPU.ActiveCfg = Debug|Any CPU
		{E8E45172-453B-9890-9AA8-6C0279E8143C}.Debug|Any CPU.Build.0 = Debug|Any CPU
		{E8E45172-453B-9890-9AA8-6C0279E8143C}.Release|Any CPU.ActiveCfg = Release|Any CPU
		{E8E45172-453B-9890-9AA8-6C0279E8143C}.Release|Any CPU.Build.0 = Release|Any CPU
		{16EB2669-8816-E935-1CEA-0F32BE044A17}.Debug|Any CPU.ActiveCfg = Debug|Any CPU
		{16EB2669-8816-E935-1CEA-0F32BE044A17}.Debug|Any CPU.Build.0 = Debug|Any CPU
		{16EB2669-8816-E935-1CEA-0F32BE044A17}.Release|Any CPU.ActiveCfg = Release|Any CPU
		{16EB2669-8816-E935-1CEA-0F32BE044A17}.Release|Any CPU.Build.0 = Release|Any CPU
		{8AC786D8-05C0-10B5-86C9-544A28D8DCD2}.Debug|Any CPU.ActiveCfg = Debug|Any CPU
		{8AC786D8-05C0-10B5-86C9-544A28D8DCD2}.Debug|Any CPU.Build.0 = Debug|Any CPU
		{8AC786D8-05C0-10B5-86C9-544A28D8DCD2}.Release|Any CPU.ActiveCfg = Release|Any CPU
		{8AC786D8-05C0-10B5-86C9-544A28D8DCD2}.Release|Any CPU.Build.0 = Release|Any CPU
		{7BFEA0C4-18AE-D6EE-F32A-D9EABE72750D}.Debug|Any CPU.ActiveCfg = Debug|Any CPU
		{7BFEA0C4-18AE-D6EE-F32A-D9EABE72750D}.Debug|Any CPU.Build.0 = Debug|Any CPU
		{7BFEA0C4-18AE-D6EE-F32A-D9EABE72750D}.Release|Any CPU.ActiveCfg = Release|Any CPU
		{7BFEA0C4-18AE-D6EE-F32A-D9EABE72750D}.Release|Any CPU.Build.0 = Release|Any CPU
		{BE73B7B1-424C-5074-CE67-F34A467BD979}.Debug|Any CPU.ActiveCfg = Debug|Any CPU
		{BE73B7B1-424C-5074-CE67-F34A467BD979}.Debug|Any CPU.Build.0 = Debug|Any CPU
		{BE73B7B1-424C-5074-CE67-F34A467BD979}.Release|Any CPU.ActiveCfg = Release|Any CPU
		{BE73B7B1-424C-5074-CE67-F34A467BD979}.Release|Any CPU.Build.0 = Release|Any CPU
		{AAEDDBAE-AFF3-3577-939E-79ED5018B006}.Debug|Any CPU.ActiveCfg = Debug|Any CPU
		{AAEDDBAE-AFF3-3577-939E-79ED5018B006}.Debug|Any CPU.Build.0 = Debug|Any CPU
		{AAEDDBAE-AFF3-3577-939E-79ED5018B006}.Release|Any CPU.ActiveCfg = Release|Any CPU
		{AAEDDBAE-AFF3-3577-939E-79ED5018B006}.Release|Any CPU.Build.0 = Release|Any CPU
		{A896CE17-9F54-EC70-4EAA-BFD79CA3BD29}.Debug|Any CPU.ActiveCfg = Debug|Any CPU
		{A896CE17-9F54-EC70-4EAA-BFD79CA3BD29}.Debug|Any CPU.Build.0 = Debug|Any CPU
		{A896CE17-9F54-EC70-4EAA-BFD79CA3BD29}.Release|Any CPU.ActiveCfg = Release|Any CPU
		{A896CE17-9F54-EC70-4EAA-BFD79CA3BD29}.Release|Any CPU.Build.0 = Release|Any CPU
		{BFA31492-4487-3840-774C-C1B23B781B47}.Debug|Any CPU.ActiveCfg = Debug|Any CPU
		{BFA31492-4487-3840-774C-C1B23B781B47}.Debug|Any CPU.Build.0 = Debug|Any CPU
		{BFA31492-4487-3840-774C-C1B23B781B47}.Release|Any CPU.ActiveCfg = Release|Any CPU
		{BFA31492-4487-3840-774C-C1B23B781B47}.Release|Any CPU.Build.0 = Release|Any CPU
		{273FC8AC-5DB2-4D15-1ECA-A2486D96CAF3}.Debug|Any CPU.ActiveCfg = Debug|Any CPU
		{273FC8AC-5DB2-4D15-1ECA-A2486D96CAF3}.Debug|Any CPU.Build.0 = Debug|Any CPU
		{273FC8AC-5DB2-4D15-1ECA-A2486D96CAF3}.Release|Any CPU.ActiveCfg = Release|Any CPU
		{273FC8AC-5DB2-4D15-1ECA-A2486D96CAF3}.Release|Any CPU.Build.0 = Release|Any CPU
		{73417E0A-A1DF-6569-0D66-6E716FD92FD1}.Debug|Any CPU.ActiveCfg = Debug|Any CPU
		{73417E0A-A1DF-6569-0D66-6E716FD92FD1}.Debug|Any CPU.Build.0 = Debug|Any CPU
		{73417E0A-A1DF-6569-0D66-6E716FD92FD1}.Release|Any CPU.ActiveCfg = Release|Any CPU
		{73417E0A-A1DF-6569-0D66-6E716FD92FD1}.Release|Any CPU.Build.0 = Release|Any CPU
		{3754E2BA-2703-59F9-0414-96E2F1E463EC}.Debug|Any CPU.ActiveCfg = Debug|Any CPU
		{3754E2BA-2703-59F9-0414-96E2F1E463EC}.Debug|Any CPU.Build.0 = Debug|Any CPU
		{3754E2BA-2703-59F9-0414-96E2F1E463EC}.Release|Any CPU.ActiveCfg = Release|Any CPU
		{3754E2BA-2703-59F9-0414-96E2F1E463EC}.Release|Any CPU.Build.0 = Release|Any CPU
		{C1A4BF21-6376-DEA2-D216-DFABB64C4E89}.Debug|Any CPU.ActiveCfg = Debug|Any CPU
		{C1A4BF21-6376-DEA2-D216-DFABB64C4E89}.Debug|Any CPU.Build.0 = Debug|Any CPU
		{C1A4BF21-6376-DEA2-D216-DFABB64C4E89}.Release|Any CPU.ActiveCfg = Release|Any CPU
		{C1A4BF21-6376-DEA2-D216-DFABB64C4E89}.Release|Any CPU.Build.0 = Release|Any CPU
		{98E7BEAC-960D-84E4-6D6A-E4762E8A9AC1}.Debug|Any CPU.ActiveCfg = Debug|Any CPU
		{98E7BEAC-960D-84E4-6D6A-E4762E8A9AC1}.Debug|Any CPU.Build.0 = Debug|Any CPU
		{98E7BEAC-960D-84E4-6D6A-E4762E8A9AC1}.Release|Any CPU.ActiveCfg = Release|Any CPU
		{98E7BEAC-960D-84E4-6D6A-E4762E8A9AC1}.Release|Any CPU.Build.0 = Release|Any CPU
		{FA468F1D-0536-FCA4-0E29-EDA977C1F3AE}.Debug|Any CPU.ActiveCfg = Debug|Any CPU
		{FA468F1D-0536-FCA4-0E29-EDA977C1F3AE}.Debug|Any CPU.Build.0 = Debug|Any CPU
		{FA468F1D-0536-FCA4-0E29-EDA977C1F3AE}.Release|Any CPU.ActiveCfg = Release|Any CPU
		{FA468F1D-0536-FCA4-0E29-EDA977C1F3AE}.Release|Any CPU.Build.0 = Release|Any CPU
		{E4EA9BAE-7790-8944-A713-BECCE5A06413}.Debug|Any CPU.ActiveCfg = Debug|Any CPU
		{E4EA9BAE-7790-8944-A713-BECCE5A06413}.Debug|Any CPU.Build.0 = Debug|Any CPU
		{E4EA9BAE-7790-8944-A713-BECCE5A06413}.Release|Any CPU.ActiveCfg = Release|Any CPU
		{E4EA9BAE-7790-8944-A713-BECCE5A06413}.Release|Any CPU.Build.0 = Release|Any CPU
		{AA904DEF-1C43-4833-C8CA-D60CD7A1E226}.Debug|Any CPU.ActiveCfg = Debug|Any CPU
		{AA904DEF-1C43-4833-C8CA-D60CD7A1E226}.Debug|Any CPU.Build.0 = Debug|Any CPU
		{AA904DEF-1C43-4833-C8CA-D60CD7A1E226}.Release|Any CPU.ActiveCfg = Release|Any CPU
		{AA904DEF-1C43-4833-C8CA-D60CD7A1E226}.Release|Any CPU.Build.0 = Release|Any CPU
		{FBBAEB3D-CB88-E880-1D7A-DCC63187FF3E}.Debug|Any CPU.ActiveCfg = Debug|Any CPU
		{FBBAEB3D-CB88-E880-1D7A-DCC63187FF3E}.Debug|Any CPU.Build.0 = Debug|Any CPU
		{FBBAEB3D-CB88-E880-1D7A-DCC63187FF3E}.Release|Any CPU.ActiveCfg = Release|Any CPU
		{FBBAEB3D-CB88-E880-1D7A-DCC63187FF3E}.Release|Any CPU.Build.0 = Release|Any CPU
		{1EDB368D-1825-7A94-D384-D033F2BBAB10}.Debug|Any CPU.ActiveCfg = Debug|Any CPU
		{1EDB368D-1825-7A94-D384-D033F2BBAB10}.Debug|Any CPU.Build.0 = Debug|Any CPU
		{1EDB368D-1825-7A94-D384-D033F2BBAB10}.Release|Any CPU.ActiveCfg = Release|Any CPU
		{1EDB368D-1825-7A94-D384-D033F2BBAB10}.Release|Any CPU.Build.0 = Release|Any CPU
		{C3C7D734-21C8-46BA-C9E2-A49030B238A7}.Debug|Any CPU.ActiveCfg = Debug|Any CPU
		{C3C7D734-21C8-46BA-C9E2-A49030B238A7}.Debug|Any CPU.Build.0 = Debug|Any CPU
		{C3C7D734-21C8-46BA-C9E2-A49030B238A7}.Release|Any CPU.ActiveCfg = Release|Any CPU
		{C3C7D734-21C8-46BA-C9E2-A49030B238A7}.Release|Any CPU.Build.0 = Release|Any CPU
		{EECE4688-2ADE-2CBE-E674-14539120AACE}.Debug|Any CPU.ActiveCfg = Debug|Any CPU
		{EECE4688-2ADE-2CBE-E674-14539120AACE}.Debug|Any CPU.Build.0 = Debug|Any CPU
		{EECE4688-2ADE-2CBE-E674-14539120AACE}.Release|Any CPU.ActiveCfg = Release|Any CPU
		{EECE4688-2ADE-2CBE-E674-14539120AACE}.Release|Any CPU.Build.0 = Release|Any CPU
		{1A07A8E2-5EDE-E4EF-802A-AD0DA0AE7FDC}.Debug|Any CPU.ActiveCfg = Debug|Any CPU
		{1A07A8E2-5EDE-E4EF-802A-AD0DA0AE7FDC}.Debug|Any CPU.Build.0 = Debug|Any CPU
		{1A07A8E2-5EDE-E4EF-802A-AD0DA0AE7FDC}.Release|Any CPU.ActiveCfg = Release|Any CPU
		{1A07A8E2-5EDE-E4EF-802A-AD0DA0AE7FDC}.Release|Any CPU.Build.0 = Release|Any CPU
		{FA40D93A-B4D6-5DA4-B3F9-AC0806F81B6E}.Debug|Any CPU.ActiveCfg = Debug|Any CPU
		{FA40D93A-B4D6-5DA4-B3F9-AC0806F81B6E}.Debug|Any CPU.Build.0 = Debug|Any CPU
		{FA40D93A-B4D6-5DA4-B3F9-AC0806F81B6E}.Release|Any CPU.ActiveCfg = Release|Any CPU
		{FA40D93A-B4D6-5DA4-B3F9-AC0806F81B6E}.Release|Any CPU.Build.0 = Release|Any CPU
		{38EA97E3-25BD-53CC-1BF8-C2AA45AEFAD0}.Debug|Any CPU.ActiveCfg = Debug|Any CPU
		{38EA97E3-25BD-53CC-1BF8-C2AA45AEFAD0}.Debug|Any CPU.Build.0 = Debug|Any CPU
		{38EA97E3-25BD-53CC-1BF8-C2AA45AEFAD0}.Release|Any CPU.ActiveCfg = Release|Any CPU
		{38EA97E3-25BD-53CC-1BF8-C2AA45AEFAD0}.Release|Any CPU.Build.0 = Release|Any CPU
		{C70B59DA-D9DA-A438-461D-CF1C5BEF2B25}.Debug|Any CPU.ActiveCfg = Debug|Any CPU
		{C70B59DA-D9DA-A438-461D-CF1C5BEF2B25}.Debug|Any CPU.Build.0 = Debug|Any CPU
		{C70B59DA-D9DA-A438-461D-CF1C5BEF2B25}.Release|Any CPU.ActiveCfg = Release|Any CPU
		{C70B59DA-D9DA-A438-461D-CF1C5BEF2B25}.Release|Any CPU.Build.0 = Release|Any CPU
		{ABA5F68E-4080-0524-2926-2BB548129E0B}.Debug|Any CPU.ActiveCfg = Debug|Any CPU
		{ABA5F68E-4080-0524-2926-2BB548129E0B}.Debug|Any CPU.Build.0 = Debug|Any CPU
		{ABA5F68E-4080-0524-2926-2BB548129E0B}.Release|Any CPU.ActiveCfg = Release|Any CPU
		{ABA5F68E-4080-0524-2926-2BB548129E0B}.Release|Any CPU.Build.0 = Release|Any CPU
		{DE5EA8CF-715D-130B-0A26-E89E6298350F}.Debug|Any CPU.ActiveCfg = Debug|Any CPU
		{DE5EA8CF-715D-130B-0A26-E89E6298350F}.Debug|Any CPU.Build.0 = Debug|Any CPU
		{DE5EA8CF-715D-130B-0A26-E89E6298350F}.Release|Any CPU.ActiveCfg = Release|Any CPU
		{DE5EA8CF-715D-130B-0A26-E89E6298350F}.Release|Any CPU.Build.0 = Release|Any CPU
		{E22AE98F-5484-8010-6832-BEDD1279ECCF}.Debug|Any CPU.ActiveCfg = Debug|Any CPU
		{E22AE98F-5484-8010-6832-BEDD1279ECCF}.Debug|Any CPU.Build.0 = Debug|Any CPU
		{E22AE98F-5484-8010-6832-BEDD1279ECCF}.Release|Any CPU.ActiveCfg = Release|Any CPU
		{E22AE98F-5484-8010-6832-BEDD1279ECCF}.Release|Any CPU.Build.0 = Release|Any CPU
		{9518F79F-9CB2-8AE7-B32A-EB5886DD74D6}.Debug|Any CPU.ActiveCfg = Debug|Any CPU
		{9518F79F-9CB2-8AE7-B32A-EB5886DD74D6}.Debug|Any CPU.Build.0 = Debug|Any CPU
		{9518F79F-9CB2-8AE7-B32A-EB5886DD74D6}.Release|Any CPU.ActiveCfg = Release|Any CPU
		{9518F79F-9CB2-8AE7-B32A-EB5886DD74D6}.Release|Any CPU.Build.0 = Release|Any CPU
		{295E5A51-9D6A-A0A0-4027-ACAC10C969EA}.Debug|Any CPU.ActiveCfg = Debug|Any CPU
		{295E5A51-9D6A-A0A0-4027-ACAC10C969EA}.Debug|Any CPU.Build.0 = Debug|Any CPU
		{295E5A51-9D6A-A0A0-4027-ACAC10C969EA}.Release|Any CPU.ActiveCfg = Release|Any CPU
		{295E5A51-9D6A-A0A0-4027-ACAC10C969EA}.Release|Any CPU.Build.0 = Release|Any CPU
		{457C1547-A207-9234-EB8F-EF631FD3F7A0}.Debug|Any CPU.ActiveCfg = Debug|Any CPU
		{457C1547-A207-9234-EB8F-EF631FD3F7A0}.Debug|Any CPU.Build.0 = Debug|Any CPU
		{457C1547-A207-9234-EB8F-EF631FD3F7A0}.Release|Any CPU.ActiveCfg = Release|Any CPU
		{457C1547-A207-9234-EB8F-EF631FD3F7A0}.Release|Any CPU.Build.0 = Release|Any CPU
		{F94A1381-2A69-C3EA-1E9C-7DFAF54F330E}.Debug|Any CPU.ActiveCfg = Debug|Any CPU
		{F94A1381-2A69-C3EA-1E9C-7DFAF54F330E}.Debug|Any CPU.Build.0 = Debug|Any CPU
		{F94A1381-2A69-C3EA-1E9C-7DFAF54F330E}.Release|Any CPU.ActiveCfg = Release|Any CPU
		{F94A1381-2A69-C3EA-1E9C-7DFAF54F330E}.Release|Any CPU.Build.0 = Release|Any CPU
		{D84D78B0-1070-AD12-6A44-5BEB7C92BB0B}.Debug|Any CPU.ActiveCfg = Debug|Any CPU
		{D84D78B0-1070-AD12-6A44-5BEB7C92BB0B}.Debug|Any CPU.Build.0 = Debug|Any CPU
		{D84D78B0-1070-AD12-6A44-5BEB7C92BB0B}.Release|Any CPU.ActiveCfg = Release|Any CPU
		{D84D78B0-1070-AD12-6A44-5BEB7C92BB0B}.Release|Any CPU.Build.0 = Release|Any CPU
		{4DB9FC38-1E34-4C9E-1601-6453C0F0E359}.Debug|Any CPU.ActiveCfg = Debug|Any CPU
		{4DB9FC38-1E34-4C9E-1601-6453C0F0E359}.Debug|Any CPU.Build.0 = Debug|Any CPU
		{4DB9FC38-1E34-4C9E-1601-6453C0F0E359}.Release|Any CPU.ActiveCfg = Release|Any CPU
		{4DB9FC38-1E34-4C9E-1601-6453C0F0E359}.Release|Any CPU.Build.0 = Release|Any CPU
		{99025BB4-212F-2840-76EF-28A39F3EC60D}.Debug|Any CPU.ActiveCfg = Debug|Any CPU
		{99025BB4-212F-2840-76EF-28A39F3EC60D}.Debug|Any CPU.Build.0 = Debug|Any CPU
		{99025BB4-212F-2840-76EF-28A39F3EC60D}.Release|Any CPU.ActiveCfg = Release|Any CPU
		{99025BB4-212F-2840-76EF-28A39F3EC60D}.Release|Any CPU.Build.0 = Release|Any CPU
		{481D8EFC-4932-3AB2-9C00-D70A1BC8D6EE}.Debug|Any CPU.ActiveCfg = Debug|Any CPU
		{481D8EFC-4932-3AB2-9C00-D70A1BC8D6EE}.Debug|Any CPU.Build.0 = Debug|Any CPU
		{481D8EFC-4932-3AB2-9C00-D70A1BC8D6EE}.Release|Any CPU.ActiveCfg = Release|Any CPU
		{481D8EFC-4932-3AB2-9C00-D70A1BC8D6EE}.Release|Any CPU.Build.0 = Release|Any CPU
		{62E26AE2-3DED-9CA8-40BF-88D33565DD94}.Debug|Any CPU.ActiveCfg = Debug|Any CPU
		{62E26AE2-3DED-9CA8-40BF-88D33565DD94}.Debug|Any CPU.Build.0 = Debug|Any CPU
		{62E26AE2-3DED-9CA8-40BF-88D33565DD94}.Release|Any CPU.ActiveCfg = Release|Any CPU
		{62E26AE2-3DED-9CA8-40BF-88D33565DD94}.Release|Any CPU.Build.0 = Release|Any CPU
		{C00B19A4-CC10-9A73-49E5-48D9C03454BB}.Debug|Any CPU.ActiveCfg = Debug|Any CPU
		{C00B19A4-CC10-9A73-49E5-48D9C03454BB}.Debug|Any CPU.Build.0 = Debug|Any CPU
		{C00B19A4-CC10-9A73-49E5-48D9C03454BB}.Release|Any CPU.ActiveCfg = Release|Any CPU
		{C00B19A4-CC10-9A73-49E5-48D9C03454BB}.Release|Any CPU.Build.0 = Release|Any CPU
		{0D1D42D1-A38C-6290-B69E-33F9AFD6F9AA}.Debug|Any CPU.ActiveCfg = Debug|Any CPU
		{0D1D42D1-A38C-6290-B69E-33F9AFD6F9AA}.Debug|Any CPU.Build.0 = Debug|Any CPU
		{0D1D42D1-A38C-6290-B69E-33F9AFD6F9AA}.Release|Any CPU.ActiveCfg = Release|Any CPU
		{0D1D42D1-A38C-6290-B69E-33F9AFD6F9AA}.Release|Any CPU.Build.0 = Release|Any CPU
		{5C359C24-8D22-6B80-5F89-666D5341B446}.Debug|Any CPU.ActiveCfg = Debug|Any CPU
		{5C359C24-8D22-6B80-5F89-666D5341B446}.Debug|Any CPU.Build.0 = Debug|Any CPU
		{5C359C24-8D22-6B80-5F89-666D5341B446}.Release|Any CPU.ActiveCfg = Release|Any CPU
		{5C359C24-8D22-6B80-5F89-666D5341B446}.Release|Any CPU.Build.0 = Release|Any CPU
		{85706B04-0D89-62DD-BD6D-EFDECBC79C24}.Debug|Any CPU.ActiveCfg = Debug|Any CPU
		{85706B04-0D89-62DD-BD6D-EFDECBC79C24}.Debug|Any CPU.Build.0 = Debug|Any CPU
		{85706B04-0D89-62DD-BD6D-EFDECBC79C24}.Release|Any CPU.ActiveCfg = Release|Any CPU
		{85706B04-0D89-62DD-BD6D-EFDECBC79C24}.Release|Any CPU.Build.0 = Release|Any CPU
		{99D19C66-AAB2-E4A0-02B0-0BAAB79B9B90}.Debug|Any CPU.ActiveCfg = Debug|Any CPU
		{99D19C66-AAB2-E4A0-02B0-0BAAB79B9B90}.Debug|Any CPU.Build.0 = Debug|Any CPU
		{99D19C66-AAB2-E4A0-02B0-0BAAB79B9B90}.Release|Any CPU.ActiveCfg = Release|Any CPU
		{99D19C66-AAB2-E4A0-02B0-0BAAB79B9B90}.Release|Any CPU.Build.0 = Release|Any CPU
		{7CFAE3D4-75A7-4400-5964-3BBEDB586EEE}.Debug|Any CPU.ActiveCfg = Debug|Any CPU
		{7CFAE3D4-75A7-4400-5964-3BBEDB586EEE}.Debug|Any CPU.Build.0 = Debug|Any CPU
		{7CFAE3D4-75A7-4400-5964-3BBEDB586EEE}.Release|Any CPU.ActiveCfg = Release|Any CPU
		{7CFAE3D4-75A7-4400-5964-3BBEDB586EEE}.Release|Any CPU.Build.0 = Release|Any CPU
		{B2506E3F-2481-40E6-E623-DA7C6DB7C98B}.Debug|Any CPU.ActiveCfg = Debug|Any CPU
		{B2506E3F-2481-40E6-E623-DA7C6DB7C98B}.Debug|Any CPU.Build.0 = Debug|Any CPU
		{B2506E3F-2481-40E6-E623-DA7C6DB7C98B}.Release|Any CPU.ActiveCfg = Release|Any CPU
		{B2506E3F-2481-40E6-E623-DA7C6DB7C98B}.Release|Any CPU.Build.0 = Release|Any CPU
		{49B161FC-22EB-3E35-ED01-292C48FE6C59}.Debug|Any CPU.ActiveCfg = Debug|Any CPU
		{49B161FC-22EB-3E35-ED01-292C48FE6C59}.Debug|Any CPU.Build.0 = Debug|Any CPU
		{49B161FC-22EB-3E35-ED01-292C48FE6C59}.Release|Any CPU.ActiveCfg = Release|Any CPU
		{49B161FC-22EB-3E35-ED01-292C48FE6C59}.Release|Any CPU.Build.0 = Release|Any CPU
		{846C554A-DF54-379A-6E6E-0A36014C6C00}.Debug|Any CPU.ActiveCfg = Debug|Any CPU
		{846C554A-DF54-379A-6E6E-0A36014C6C00}.Debug|Any CPU.Build.0 = Debug|Any CPU
		{846C554A-DF54-379A-6E6E-0A36014C6C00}.Release|Any CPU.ActiveCfg = Release|Any CPU
		{846C554A-DF54-379A-6E6E-0A36014C6C00}.Release|Any CPU.Build.0 = Release|Any CPU
		{B634ADFB-5118-CDA9-5097-ECB335CE5CAB}.Debug|Any CPU.ActiveCfg = Debug|Any CPU
		{B634ADFB-5118-CDA9-5097-ECB335CE5CAB}.Debug|Any CPU.Build.0 = Debug|Any CPU
		{B634ADFB-5118-CDA9-5097-ECB335CE5CAB}.Release|Any CPU.ActiveCfg = Release|Any CPU
		{B634ADFB-5118-CDA9-5097-ECB335CE5CAB}.Release|Any CPU.Build.0 = Release|Any CPU
	EndGlobalSection
	GlobalSection(SolutionProperties) = preSolution
		HideSolutionNode = FALSE
	EndGlobalSection
EndGlobal
